<Solution>
  <Project Path="BusStopManagement.Core/BusStopManagement.Core.csproj" />
  <Project Path="BusStopManagement.Infrastructure/BusStopManagement.Infrastructure.csproj" Id="5f67a31d-472f-4078-afd9-ff1cd236b0a8" />
  <Project Path="BusStopManagement.UI/BusStopManagement.UI.csproj" />
</Solution>
